// !$*UTF8*$!
{
	archiveVersion = 1;
	classes = {
	};
	objectVersion = 50;
	objects = {

/* Begin PBXBuildFile section */
		EA8EA8AD2505B5D400C66772 /* AppDelegate.swift in Sources */ = {isa = PBXBuildFile; fileRef = EA8EA8AC2505B5D400C66772 /* AppDelegate.swift */; };
		EA8EA8AF2505B5D400C66772 /* SceneDelegate.swift in Sources */ = {isa = PBXBuildFile; fileRef = EA8EA8AE2505B5D400C66772 /* SceneDelegate.swift */; };
		EA8EA8B42505B5D400C66772 /* Main.storyboard in Resources */ = {isa = PBXBuildFile; fileRef = EA8EA8B22505B5D400C66772 /* Main.storyboard */; };
		EA8EA8B62505B5D500C66772 /* Assets.xcassets in Resources */ = {isa = PBXBuildFile; fileRef = EA8EA8B52505B5D500C66772 /* Assets.xcassets */; };
		EA8EA8B92505B5D500C66772 /* LaunchScreen.storyboard in Resources */ = {isa = PBXBuildFile; fileRef = EA8EA8B72505B5D500C66772 /* LaunchScreen.storyboard */; };
		EA8EA8C22505B64400C66772 /* OpenCameraViewController.swift in Sources */ = {isa = PBXBuildFile; fileRef = EA8EA8C12505B64400C66772 /* OpenCameraViewController.swift */; };
/* End PBXBuildFile section */

/* Begin PBXFileReference section */
		EA8EA8A92505B5D400C66772 /* ImagePicker-Demo.app */ = {isa = PBXFileReference; explicitFileType = wrapper.application; includeInIndex = 0; path = "ImagePicker-Demo.app"; sourceTree = BUILT_PRODUCTS_DIR; };
		EA8EA8AC2505B5D400C66772 /* AppDelegate.swift */ = {isa = PBXFileReference; lastKnownFileType = sourcecode.swift; path = AppDelegate.swift; sourceTree = "<group>"; };
		EA8EA8AE2505B5D400C66772 /* SceneDelegate.swift */ = {isa = PBXFileReference; lastKnownFileType = sourcecode.swift; path = SceneDelegate.swift; sourceTree = "<group>"; };
		EA8EA8B32505B5D400C66772 /* Base */ = {isa = PBXFileReference; lastKnownFileType = file.storyboard; name = Base; path = Base.lproj/Main.storyboard; sourceTree = "<group>"; };
		EA8EA8B52505B5D500C66772 /* Assets.xcassets */ = {isa = PBXFileReference; lastKnownFileType = folder.assetcatalog; path = Assets.xcassets; sourceTree = "<group>"; };
		EA8EA8B82505B5D500C66772 /* Base */ = {isa = PBXFileReference; lastKnownFileType = file.storyboard; name = Base; path = Base.lproj/LaunchScreen.storyboard; sourceTree = "<group>"; };
		EA8EA8BA2505B5D500C66772 /* Info.plist */ = {isa = PBXFileReference; lastKnownFileType = text.plist.xml; path = Info.plist; sourceTree = "<group>"; };
		EA8EA8C12505B64400C66772 /* OpenCameraViewController.swift */ = {isa = PBXFileReference; fileEncoding = 4; lastKnownFileType = sourcecode.swift; path = OpenCameraViewController.swift; sourceTree = "<group>"; };
/* End PBXFileReference section */

/* Begin PBXFrameworksBuildPhase section */
		EA8EA8A62505B5D400C66772 /* Frameworks */ = {
			isa = PBXFrameworksBuildPhase;
			buildActionMask = 2147483647;
			files = (
			);
			runOnlyForDeploymentPostprocessing = 0;
		};
/* End PBXFrameworksBuildPhase section */

/* Begin PBXGroup section */
		EA8EA8A02505B5D400C66772 = {
			isa = PBXGroup;
			children = (
				EA8EA8AB2505B5D400C66772 /* ImagePicker-Demo */,
				EA8EA8AA2505B5D400C66772 /* Products */,
			);
			sourceTree = "<group>";
		};
		EA8EA8AA2505B5D400C66772 /* Products */ = {
			isa = PBXGroup;
			children = (
				EA8EA8A92505B5D400C66772 /* ImagePicker-Demo.app */,
			);
			name = Products;
			sourceTree = "<group>";
		};
		EA8EA8AB2505B5D400C66772 /* ImagePicker-Demo */ = {
			isa = PBXGroup;
			children = (
				EA8EA8AC2505B5D400C66772 /* AppDelegate.swift */,
				EA8EA8B52505B5D500C66772 /* Assets.xcassets */,
				EA8EA8BA2505B5D500C66772 /* Info.plist */,
				EA8EA8B72505B5D500C66772 /* LaunchScreen.storyboard */,
				EA8EA8B22505B5D400C66772 /* Main.storyboard */,
				EA8EA8AE2505B5D400C66772 /* SceneDelegate.swift */,
				EA8EA8C02505B64400C66772 /* View */,
			);
			path = "ImagePicker-Demo";
			sourceTree = "<group>";
		};
		EA8EA8C02505B64400C66772 /* View */ = {
			isa = PBXGroup;
			children = (
				EA8EA8C12505B64400C66772 /* OpenCameraViewController.swift */,
			);
			path = View;
			sourceTree = "<group>";
		};
/* End PBXGroup section */

/* Begin PBXNativeTarget section */
		EA8EA8A82505B5D400C66772 /* ImagePicker-Demo */ = {
			isa = PBXNativeTarget;
			buildConfigurationList = EA8EA8BD2505B5D500C66772 /* Build configuration list for PBXNativeTarget "ImagePicker-Demo" */;
			buildPhases = (
				EA8EA8A52505B5D400C66772 /* Sources */,
				EA8EA8A62505B5D400C66772 /* Frameworks */,
				EA8EA8A72505B5D400C66772 /* Resources */,
			);
			buildRules = (
			);
			dependencies = (
			);
			name = "ImagePicker-Demo";
			productName = "ImagePicker-Demo";
			productReference = EA8EA8A92505B5D400C66772 /* ImagePicker-Demo.app */;
			productType = "com.apple.product-type.application";
		};
/* End PBXNativeTarget section */

/* Begin PBXProject section */
		EA8EA8A12505B5D400C66772 /* Project object */ = {
			isa = PBXProject;
			attributes = {
				LastSwiftUpdateCheck = 1160;
				LastUpgradeCheck = 1160;
				ORGANIZATIONNAME = TonyLin;
				TargetAttributes = {
					EA8EA8A82505B5D400C66772 = {
						CreatedOnToolsVersion = 11.6;
					};
				};
			};
			buildConfigurationList = EA8EA8A42505B5D400C66772 /* Build configuration list for PBXProject "ImagePicker-Demo" */;
			compatibilityVersion = "Xcode 9.3";
			developmentRegion = en;
			hasScannedForEncodings = 0;
			knownRegions = (
				en,
				Base,
			);
			mainGroup = EA8EA8A02505B5D400C66772;
			productRefGroup = EA8EA8AA2505B5D400C66772 /* Products */;
			projectDirPath = "";
			projectRoot = "";
			targets = (
				EA8EA8A82505B5D400C66772 /* ImagePicker-Demo */,
			);
		};
/* End PBXProject section */

/* Begin PBXResourcesBuildPhase section */
		EA8EA8A72505B5D400C66772 /* Resources */ = {
			isa = PBXResourcesBuildPhase;
			buildActionMask = 2147483647;
			files = (
				EA8EA8B92505B5D500C66772 /* LaunchScreen.storyboard in Resources */,
				EA8EA8B62505B5D500C66772 /* Assets.xcassets in Resources */,
				EA8EA8B42505B5D400C66772 /* Main.storyboard in Resources */,
			);
			runOnlyForDeploymentPostprocessing = 0;
		};
/* End PBXResourcesBuildPhase section */

/* Begin PBXSourcesBuildPhase section */
		EA8EA8A52505B5D400C66772 /* Sources */ = {
			isa = PBXSourcesBuildPhase;
			buildActionMask = 2147483647;
			files = (
				EA8EA8AD2505B5D400C66772 /* AppDelegate.swift in Sources */,
				EA8EA8AF2505B5D400C66772 /* SceneDelegate.swift in Sources */,
				EA8EA8C22505B64400C66772 /* OpenCameraViewController.swift in Sources */,
			);
			runOnlyForDeploymentPostprocessing = 0;
		};
/* End PBXSourcesBuildPhase section */

/* Begin PBXVariantGroup section */
		EA8EA8B22505B5D400C66772 /* Main.storyboard */ = {
			isa = PBXVariantGroup;
			children = (
				EA8EA8B32505B5D400C66772 /* Base */,
			);
			name = Main.storyboard;
			sourceTree = "<group>";
		};
		EA8EA8B72505B5D500C66772 /* LaunchScreen.storyboard */ = {
			isa = PBXVariantGroup;
			children = (
				EA8EA8B82505B5D500C66772 /* Base */,
			);
			name = LaunchScreen.storyboard;
			sourceTree = "<group>";
		};
/* End PBXVariantGroup section */

/* Begin XCBuildConfiguration section */
		EA8EA8BB2505B5D500C66772 /* Debug */ = {
			isa = XCBuildConfiguration;
			buildSettings = {
				ALWAYS_SEARCH_USER_PATHS = NO;
				CLANG_ANALYZER_NONNULL = YES;
				CLANG_ANALYZER_NUMBER_OBJECT_CONVERSION = YES_AGGRESSIVE;
				CLANG_CXX_LANGUAGE_STANDARD = "gnu++14";
				CLANG_CXX_LIBRARY = "libc++";
				CLANG_ENABLE_MODULES = YES;
				CLANG_ENABLE_OBJC_ARC = YES;
				CLANG_ENABLE_OBJC_WEAK = YES;
				CLANG_WARN_BLOCK_CAPTURE_AUTORELEASING = YES;
				CLANG_WARN_BOOL_CONVERSION = YES;
				CLANG_WARN_COMMA = YES;
				CLANG_WARN_CONSTANT_CONVERSION = YES;
				CLANG_WARN_DEPRECATED_OBJC_IMPLEMENTATIONS = YES;
				CLANG_WARN_DIRECT_OBJC_ISA_USAGE = YES_ERROR;
				CLANG_WARN_DOCUMENTATION_COMMENTS = YES;
				CLANG_WARN_EMPTY_BODY = YES;
				CLANG_WARN_ENUM_CONVERSION = YES;
				CLANG_WARN_INFINITE_RECURSION = YES;
				CLANG_WARN_INT_CONVERSION = YES;
				CLANG_WARN_NON_LITERAL_NULL_CONVERSION = YES;
				CLANG_WARN_OBJC_IMPLICIT_RETAIN_SELF = YES;
				CLANG_WARN_OBJC_LITERAL_CONVERSION = YES;
				CLANG_WARN_OBJC_ROOT_CLASS = YES_ERROR;
				CLANG_WARN_RANGE_LOOP_ANALYSIS = YES;
				CLANG_WARN_STRICT_PROTOTYPES = YES;
				CLANG_WARN_SUSPICIOUS_MOVE = YES;
				CLANG_WARN_UNGUARDED_AVAILABILITY = YES_AGGRESSIVE;
				CLANG_WARN_UNREACHABLE_CODE = YES;
				CLANG_WARN__DUPLICATE_METHOD_MATCH = YES;
				COPY_PHASE_STRIP = NO;
				DEBUG_INFORMATION_FORMAT = dwarf;
				ENABLE_STRICT_OBJC_MSGSEND = YES;
				ENABLE_TESTABILITY = YES;
				GCC_C_LANGUAGE_STANDARD = gnu11;
				GCC_DYNAMIC_NO_PIC = NO;
				GCC_NO_COMMON_BLOCKS = YES;
				GCC_OPTIMIZATION_LEVEL = 0;
				GCC_PREPROCESSOR_DEFINITIONS = (
					"DEBUG=1",
					"$(inherited)",
				);
				GCC_WARN_64_TO_32_BIT_CONVERSION = YES;
				GCC_WARN_ABOUT_RETURN_TYPE = YES_ERROR;
				GCC_WARN_UNDECLARED_SELECTOR = YES;
				GCC_WARN_UNINITIALIZED_AUTOS = YES_AGGRESSIVE;
				GCC_WARN_UNUSED_FUNCTION = YES;
				GCC_WARN_UNUSED_VARIABLE = YES;
				IPHONEOS_DEPLOYMENT_TARGET = 13.6;
				MTL_ENABLE_DEBUG_INFO = INCLUDE_SOURCE;
				MTL_FAST_MATH = YES;
				ONLY_ACTIVE_ARCH = YES;
				SDKROOT = iphoneos;
				SWIFT_ACTIVE_COMPILATION_CONDITIONS = DEBUG;
				SWIFT_OPTIMIZATION_LEVEL = "-Onone";
			};
			name = Debug;
		};
		EA8EA8BC2505B5D500C66772 /* Release */ = {
			isa = XCBuildConfiguration;
			buildSettings = {
				ALWAYS_SEARCH_USER_PATHS = NO;
				CLANG_ANALYZER_NONNULL = YES;
				CLANG_ANALYZER_NUMBER_OBJECT_CONVERSION = YES_AGGRESSIVE;
				CLANG_CXX_LANGUAGE_STANDARD = "gnu++14";
				CLANG_CXX_LIBRARY = "libc++";
				CLANG_ENABLE_MODULES = YES;
				CLANG_ENABLE_OBJC_ARC = YES;
				CLANG_ENABLE_OBJC_WEAK = YES;
				CLANG_WARN_BLOCK_CAPTURE_AUTORELEASING = YES;
				CLANG_WARN_BOOL_CONVERSION = YES;
				CLANG_WARN_COMMA = YES;
				CLANG_WARN_CONSTANT_CONVERSION = YES;
				CLANG_WARN_DEPRECATED_OBJC_IMPLEMENTATIONS = YES;
				CLANG_WARN_DIRECT_OBJC_ISA_USAGE = YES_ERROR;
				CLANG_WARN_DOCUMENTATION_COMMENTS = YES;
				CLANG_WARN_EMPTY_BODY = YES;
				CLANG_WARN_ENUM_CONVERSION = YES;
				CLANG_WARN_INFINITE_RECURSION = YES;
				CLANG_WARN_INT_CONVERSION = YES;
				CLANG_WARN_NON_LITERAL_NULL_CONVERSION = YES;
				CLANG_WARN_OBJC_IMPLICIT_RETAIN_SELF = YES;
				CLANG_WARN_OBJC_LITERAL_CONVERSION = YES;
				CLANG_WARN_OBJC_ROOT_CLASS = YES_ERROR;
				CLANG_WARN_RANGE_LOOP_ANALYSIS = YES;
				CLANG_WARN_STRICT_PROTOTYPES = YES;
				CLANG_WARN_SUSPICIOUS_MOVE = YES;
				CLANG_WARN_UNGUARDED_AVAILABILITY = YES_AGGRESSIVE;
				CLANG_WARN_UNREACHABLE_CODE = YES;
				CLANG_WARN__DUPLICATE_METHOD_MATCH = YES;
				COPY_PHASE_STRIP = NO;
				DEBUG_INFORMATION_FORMAT = "dwarf-with-dsym";
				ENABLE_NS_ASSERTIONS = NO;
				ENABLE_STRICT_OBJC_MSGSEND = YES;
				GCC_C_LANGUAGE_STANDARD = gnu11;
				GCC_NO_COMMON_BLOCKS = YES;
				GCC_WARN_64_TO_32_BIT_CONVERSION = YES;
				GCC_WARN_ABOUT_RETURN_TYPE = YES_ERROR;
				GCC_WARN_UNDECLARED_SELECTOR = YES;
				GCC_WARN_UNINITIALIZED_AUTOS = YES_AGGRESSIVE;
				GCC_WARN_UNUSED_FUNCTION = YES;
				GCC_WARN_UNUSED_VARIABLE = YES;
				IPHONEOS_DEPLOYMENT_TARGET = 13.6;
				MTL_ENABLE_DEBUG_INFO = NO;
				MTL_FAST_MATH = YES;
				SDKROOT = iphoneos;
				SWIFT_COMPILATION_MODE = wholemodule;
				SWIFT_OPTIMIZATION_LEVEL = "-O";
				VALIDATE_PRODUCT = YES;
			};
			name = Release;
		};
		EA8EA8BE2505B5D500C66772 /* Debug */ = {
			isa = XCBuildConfiguration;
			buildSettings = {
				ASSETCATALOG_COMPILER_APPICON_NAME = AppIcon;
				CODE_SIGN_STYLE = Automatic;
				DEVELOPMENT_TEAM = Z85A2EQC3W;
				INFOPLIST_FILE = "ImagePicker-Demo/Info.plist";
				LD_RUNPATH_SEARCH_PATHS = (
					"$(inherited)",
					"@executable_path/Frameworks",
				);
				PRODUCT_BUNDLE_IDENTIFIER = "com.lty.demo.ImagePicker-Demo";
				PRODUCT_NAME = "$(TARGET_NAME)";
				SWIFT_VERSION = 5.0;
				TARGETED_DEVICE_FAMILY = "1,2";
			};
			name = Debug;
		};
		EA8EA8BF2505B5D500C66772 /* Release */ = {
			isa = XCBuildConfiguration;
			buildSettings = {
				ASSETCATALOG_COMPILER_APPICON_NAME = AppIcon;
				CODE_SIGN_STYLE = Automatic;
				DEVELOPMENT_TEAM = Z85A2EQC3W;
				INFOPLIST_FILE = "ImagePicker-Demo/Info.plist";
				LD_RUNPATH_SEARCH_PATHS = (
					"$(inherited)",
					"@executable_path/Frameworks",
				);
				PRODUCT_BUNDLE_IDENTIFIER = "com.lty.demo.ImagePicker-Demo";
				PRODUCT_NAME = "$(TARGET_NAME)";
				SWIFT_VERSION = 5.0;
				TARGETED_DEVICE_FAMILY = "1,2";
			};
			name = Release;
		};
/* End XCBuildConfiguration section */

/* Begin XCConfigurationList section */
		EA8EA8A42505B5D400C66772 /* Build configuration list for PBXProject "ImagePicker-Demo" */ = {
			isa = XCConfigurationList;
			buildConfigurations = (
				EA8EA8BB2505B5D500C66772 /* Debug */,
				EA8EA8BC2505B5D500C66772 /* Release */,
			);
			defaultConfigurationIsVisible = 0;
			defaultConfigurationName = Release;
		};
		EA8EA8BD2505B5D500C66772 /* Build configuration list for PBXNativeTarget "ImagePicker-Demo" */ = {
			isa = XCConfigurationList;
			buildConfigurations = (
				EA8EA8BE2505B5D500C66772 /* Debug */,
				EA8EA8BF2505B5D500C66772 /* Release */,
			);
			defaultConfigurationIsVisible = 0;
			defaultConfigurationName = Release;
		};
/* End XCConfigurationList section */
	};
	rootObject = EA8EA8A12505B5D400C66772 /* Project object */;
}
